Microsoft Visual Studio Solution File, Format Version 12.00
# Visual Studio Version 16
VisualStudioVersion = 16.0.29920.165
MinimumVisualStudioVersion = 15.0.26124.0

Project("{D954291E-2A0B-460D-934E-DC6B0785DB48}") = "lvtest.Shared", "lvtest.Shared\lvtest.Shared.shproj", "{6279C845-92F8-4333-AB99-3D213163593C}"
EndProject



Project("{9A19103F-16F7-4668-BE54-9A1E7A4F7556}") = "lvtest.Wasm", "lvtest.Wasm\lvtest.Wasm.csproj", "{40EA03F7-8A22-4143-B251-79BAC3EB13D2}"
EndProject


Project("{9A19103F-16F7-4668-BE54-9A1E7A4F7556}") = "lvtest.Skia.Gtk", "lvtest.Skia.Gtk\lvtest.Skia.Gtk.csproj", "{A5B8155A-118F-4794-B551-C6F3CF7E5411}"
EndProject



Global
	GlobalSection(SharedMSBuildProjectFiles) = preSolution
		lvtest.Shared\lvtest.Shared.projitems*{1aa13270-f438-4864-9435-54fd806e10ea}*SharedItemsImports = 5
		lvtest.Shared\lvtest.Shared.projitems*{DB648C28-7371-42A1-9D8A-213F4EF29C1E}*SharedItemsImports = 4
		lvtest.Shared\lvtest.Shared.projitems*{40ea03f7-8a22-4143-b251-79bac3eb13d2}*SharedItemsImports = 5
		lvtest.Shared\lvtest.Shared.projitems*{662CD786-76BD-4193-874B-837C19AD821B}*SharedItemsImports = 5
		lvtest.Shared\lvtest.Shared.projitems*{6279c845-92f8-4333-ab99-3d213163593c}*SharedItemsImports = 13
		lvtest.Shared\lvtest.Shared.projitems*{EB8EA9A7-0864-4DD2-A361-A4EB9AEEC228}*SharedItemsImports = 4
		lvtest.Shared\lvtest.Shared.projitems*{FFF862EB-612C-4783-ABE6-006606675113}*SharedItemsImports = 4
		lvtest.Shared\lvtest.Shared.projitems*{a5b8155a-118f-4794-b551-c6f3cf7e5411}*SharedItemsImports = 5
		lvtest.Shared\lvtest.Shared.projitems*{579F5128-B682-4FA9-BBB3-54B5EE983395}*SharedItemsImports = 4
	EndGlobalSection
	GlobalSection(SolutionConfigurationPlatforms) = preSolution
		Debug|Any CPU = Debug|Any CPU
		Debug|ARM = Debug|ARM
		Debug|ARM64 = Debug|ARM64
		Debug|iPhone = Debug|iPhone
		Debug|iPhoneSimulator = Debug|iPhoneSimulator
		Debug|x64 = Debug|x64
		Debug|x86 = Debug|x86
		Release|Any CPU = Release|Any CPU
		Release|ARM = Release|ARM
		Release|ARM64 = Release|ARM64
		Release|iPhone = Release|iPhone
		Release|iPhoneSimulator = Release|iPhoneSimulator
		Release|x64 = Release|x64
		Release|x86 = Release|x86
	EndGlobalSection
	GlobalSection(ProjectConfigurationPlatforms) = postSolution
		{579F5128-B682-4FA9-BBB3-54B5EE983395}.Debug|Any CPU.ActiveCfg = Debug|Any CPU
		{579F5128-B682-4FA9-BBB3-54B5EE983395}.Debug|Any CPU.Build.0 = Debug|Any CPU
		{579F5128-B682-4FA9-BBB3-54B5EE983395}.Debug|Any CPU.Deploy.0 = Debug|Any CPU
		{579F5128-B682-4FA9-BBB3-54B5EE983395}.Debug|ARM.ActiveCfg = Debug|Any CPU
		{579F5128-B682-4FA9-BBB3-54B5EE983395}.Debug|ARM.Build.0 = Debug|Any CPU
		{579F5128-B682-4FA9-BBB3-54B5EE983395}.Debug|ARM.Deploy.0 = Debug|Any CPU
		{579F5128-B682-4FA9-BBB3-54B5EE983395}.Debug|ARM64.ActiveCfg = Debug|Any CPU
		{579F5128-B682-4FA9-BBB3-54B5EE983395}.Debug|ARM64.Build.0 = Debug|Any CPU
		{579F5128-B682-4FA9-BBB3-54B5EE983395}.Debug|ARM64.Deploy.0 = Debug|Any CPU
		{579F5128-B682-4FA9-BBB3-54B5EE983395}.Debug|iPhone.ActiveCfg = Debug|Any CPU
		{579F5128-B682-4FA9-BBB3-54B5EE983395}.Debug|iPhone.Build.0 = Debug|Any CPU
		{579F5128-B682-4FA9-BBB3-54B5EE983395}.Debug|iPhone.Deploy.0 = Debug|Any CPU
		{579F5128-B682-4FA9-BBB3-54B5EE983395}.Debug|iPhoneSimulator.ActiveCfg = Debug|Any CPU
		{579F5128-B682-4FA9-BBB3-54B5EE983395}.Debug|iPhoneSimulator.Build.0 = Debug|Any CPU
		{579F5128-B682-4FA9-BBB3-54B5EE983395}.Debug|iPhoneSimulator.Deploy.0 = Debug|Any CPU
		{579F5128-B682-4FA9-BBB3-54B5EE983395}.Debug|x64.ActiveCfg = Debug|Any CPU
		{579F5128-B682-4FA9-BBB3-54B5EE983395}.Debug|x64.Build.0 = Debug|Any CPU
		{579F5128-B682-4FA9-BBB3-54B5EE983395}.Debug|x64.Deploy.0 = Debug|Any CPU
		{579F5128-B682-4FA9-BBB3-54B5EE983395}.Debug|x86.ActiveCfg = Debug|Any CPU
		{579F5128-B682-4FA9-BBB3-54B5EE983395}.Debug|x86.Build.0 = Debug|Any CPU
		{579F5128-B682-4FA9-BBB3-54B5EE983395}.Debug|x86.Deploy.0 = Debug|Any CPU

		{579F5128-B682-4FA9-BBB3-54B5EE983395}.Release|Any CPU.ActiveCfg = Release|Any CPU
		{579F5128-B682-4FA9-BBB3-54B5EE983395}.Release|Any CPU.Build.0 = Release|Any CPU
		{579F5128-B682-4FA9-BBB3-54B5EE983395}.Release|Any CPU.Deploy.0 = Release|Any CPU
		{579F5128-B682-4FA9-BBB3-54B5EE983395}.Release|ARM.ActiveCfg = Release|Any CPU
		{579F5128-B682-4FA9-BBB3-54B5EE983395}.Release|ARM.Build.0 = Release|Any CPU
		{579F5128-B682-4FA9-BBB3-54B5EE983395}.Release|ARM.Deploy.0 = Release|Any CPU
		{579F5128-B682-4FA9-BBB3-54B5EE983395}.Release|ARM64.ActiveCfg = Release|Any CPU
		{579F5128-B682-4FA9-BBB3-54B5EE983395}.Release|ARM64.Build.0 = Release|Any CPU
		{579F5128-B682-4FA9-BBB3-54B5EE983395}.Release|ARM64.Deploy.0 = Release|Any CPU
		{579F5128-B682-4FA9-BBB3-54B5EE983395}.Release|iPhone.ActiveCfg = Release|Any CPU
		{579F5128-B682-4FA9-BBB3-54B5EE983395}.Release|iPhone.Build.0 = Release|Any CPU
		{579F5128-B682-4FA9-BBB3-54B5EE983395}.Release|iPhone.Deploy.0 = Release|Any CPU
		{579F5128-B682-4FA9-BBB3-54B5EE983395}.Release|iPhoneSimulator.ActiveCfg = Release|Any CPU
		{579F5128-B682-4FA9-BBB3-54B5EE983395}.Release|iPhoneSimulator.Build.0 = Release|Any CPU
		{579F5128-B682-4FA9-BBB3-54B5EE983395}.Release|iPhoneSimulator.Deploy.0 = Release|Any CPU
		{579F5128-B682-4FA9-BBB3-54B5EE983395}.Release|x64.ActiveCfg = Release|Any CPU
		{579F5128-B682-4FA9-BBB3-54B5EE983395}.Release|x64.Build.0 = Release|Any CPU
		{579F5128-B682-4FA9-BBB3-54B5EE983395}.Release|x64.Deploy.0 = Release|Any CPU
		{579F5128-B682-4FA9-BBB3-54B5EE983395}.Release|x86.ActiveCfg = Release|Any CPU
		{579F5128-B682-4FA9-BBB3-54B5EE983395}.Release|x86.Build.0 = Release|Any CPU
		{579F5128-B682-4FA9-BBB3-54B5EE983395}.Release|x86.Deploy.0 = Release|Any CPU
		{FFF862EB-612C-4783-ABE6-006606675113}.Debug|Any CPU.ActiveCfg = Debug|iPhone
		{FFF862EB-612C-4783-ABE6-006606675113}.Debug|Any CPU.Build.0 = Debug|iPhone
		{FFF862EB-612C-4783-ABE6-006606675113}.Debug|Any CPU.Deploy.0 = Debug|iPhone
		{FFF862EB-612C-4783-ABE6-006606675113}.Debug|ARM.ActiveCfg = Debug|iPhone
		{FFF862EB-612C-4783-ABE6-006606675113}.Debug|ARM64.ActiveCfg = Debug|iPhone
		{FFF862EB-612C-4783-ABE6-006606675113}.Debug|iPhone.ActiveCfg = Debug|iPhone
		{FFF862EB-612C-4783-ABE6-006606675113}.Debug|iPhone.Build.0 = Debug|iPhone
		{FFF862EB-612C-4783-ABE6-006606675113}.Debug|iPhoneSimulator.ActiveCfg = Debug|iPhoneSimulator
		{FFF862EB-612C-4783-ABE6-006606675113}.Debug|iPhoneSimulator.Build.0 = Debug|iPhoneSimulator
		{FFF862EB-612C-4783-ABE6-006606675113}.Debug|x64.ActiveCfg = Debug|iPhone
		{FFF862EB-612C-4783-ABE6-006606675113}.Debug|x64.Build.0 = Debug|iPhone
		{FFF862EB-612C-4783-ABE6-006606675113}.Debug|x64.Deploy.0 = Debug|iPhone
		{FFF862EB-612C-4783-ABE6-006606675113}.Debug|x86.ActiveCfg = Debug|iPhoneSimulator
		{FFF862EB-612C-4783-ABE6-006606675113}.Debug|x86.Build.0 = Debug|iPhoneSimulator
		{FFF862EB-612C-4783-ABE6-006606675113}.Debug|x86.Deploy.0 = Debug|iPhoneSimulator
		{FFF862EB-612C-4783-ABE6-006606675113}.Release|Any CPU.ActiveCfg = Release|iPhone
		{FFF862EB-612C-4783-ABE6-006606675113}.Release|ARM.ActiveCfg = Release|iPhone
		{FFF862EB-612C-4783-ABE6-006606675113}.Release|ARM64.ActiveCfg = Release|iPhone
		{FFF862EB-612C-4783-ABE6-006606675113}.Release|iPhone.ActiveCfg = Release|iPhone
		{FFF862EB-612C-4783-ABE6-006606675113}.Release|iPhone.Build.0 = Release|iPhone
		{FFF862EB-612C-4783-ABE6-006606675113}.Release|iPhoneSimulator.ActiveCfg = Release|iPhoneSimulator
		{FFF862EB-612C-4783-ABE6-006606675113}.Release|iPhoneSimulator.Build.0 = Release|iPhoneSimulator
		{FFF862EB-612C-4783-ABE6-006606675113}.Release|x64.ActiveCfg = Release|iPhoneSimulator
		{FFF862EB-612C-4783-ABE6-006606675113}.Release|x64.Build.0 = Release|iPhoneSimulator
		{FFF862EB-612C-4783-ABE6-006606675113}.Release|x64.Deploy.0 = Release|iPhoneSimulator
		{FFF862EB-612C-4783-ABE6-006606675113}.Release|x86.ActiveCfg = Release|iPhoneSimulator
		{FFF862EB-612C-4783-ABE6-006606675113}.Release|x86.Build.0 = Release|iPhoneSimulator

		{EB8EA9A7-0864-4DD2-A361-A4EB9AEEC228}.Debug|Any CPU.ActiveCfg = Debug|x86
		{EB8EA9A7-0864-4DD2-A361-A4EB9AEEC228}.Debug|Any CPU.Build.0 = Debug|x86
		{EB8EA9A7-0864-4DD2-A361-A4EB9AEEC228}.Debug|Any CPU.Deploy.0 = Debug|x86
		{EB8EA9A7-0864-4DD2-A361-A4EB9AEEC228}.Debug|ARM.ActiveCfg = Debug|ARM
		{EB8EA9A7-0864-4DD2-A361-A4EB9AEEC228}.Debug|ARM.Build.0 = Debug|ARM
		{EB8EA9A7-0864-4DD2-A361-A4EB9AEEC228}.Debug|ARM.Deploy.0 = Debug|ARM
		{EB8EA9A7-0864-4DD2-A361-A4EB9AEEC228}.Debug|ARM64.ActiveCfg = Debug|ARM64
		{EB8EA9A7-0864-4DD2-A361-A4EB9AEEC228}.Debug|ARM64.Build.0 = Debug|ARM64
		{EB8EA9A7-0864-4DD2-A361-A4EB9AEEC228}.Debug|ARM64.Deploy.0 = Debug|ARM64
		{EB8EA9A7-0864-4DD2-A361-A4EB9AEEC228}.Debug|iPhone.ActiveCfg = Debug|x86
		{EB8EA9A7-0864-4DD2-A361-A4EB9AEEC228}.Debug|iPhone.Build.0 = Debug|x86
		{EB8EA9A7-0864-4DD2-A361-A4EB9AEEC228}.Debug|iPhone.Deploy.0 = Debug|x86
		{EB8EA9A7-0864-4DD2-A361-A4EB9AEEC228}.Debug|iPhoneSimulator.ActiveCfg = Debug|x86
		{EB8EA9A7-0864-4DD2-A361-A4EB9AEEC228}.Debug|iPhoneSimulator.Build.0 = Debug|x86
		{EB8EA9A7-0864-4DD2-A361-A4EB9AEEC228}.Debug|iPhoneSimulator.Deploy.0 = Debug|x86
		{EB8EA9A7-0864-4DD2-A361-A4EB9AEEC228}.Debug|x64.ActiveCfg = Debug|x64
		{EB8EA9A7-0864-4DD2-A361-A4EB9AEEC228}.Debug|x64.Build.0 = Debug|x64
		{EB8EA9A7-0864-4DD2-A361-A4EB9AEEC228}.Debug|x64.Deploy.0 = Debug|x64
		{EB8EA9A7-0864-4DD2-A361-A4EB9AEEC228}.Debug|x86.ActiveCfg = Debug|x86
		{EB8EA9A7-0864-4DD2-A361-A4EB9AEEC228}.Debug|x86.Build.0 = Debug|x86
		{EB8EA9A7-0864-4DD2-A361-A4EB9AEEC228}.Debug|x86.Deploy.0 = Debug|x86
		{EB8EA9A7-0864-4DD2-A361-A4EB9AEEC228}.Release|Any CPU.ActiveCfg = Release|x86
		{EB8EA9A7-0864-4DD2-A361-A4EB9AEEC228}.Release|ARM.ActiveCfg = Release|ARM
		{EB8EA9A7-0864-4DD2-A361-A4EB9AEEC228}.Release|ARM.Build.0 = Release|ARM
		{EB8EA9A7-0864-4DD2-A361-A4EB9AEEC228}.Release|ARM.Deploy.0 = Release|ARM
		{EB8EA9A7-0864-4DD2-A361-A4EB9AEEC228}.Release|ARM64.ActiveCfg = Release|ARM64
		{EB8EA9A7-0864-4DD2-A361-A4EB9AEEC228}.Release|ARM64.Build.0 = Release|ARM64
		{EB8EA9A7-0864-4DD2-A361-A4EB9AEEC228}.Release|ARM64.Deploy.0 = Release|ARM64
		{EB8EA9A7-0864-4DD2-A361-A4EB9AEEC228}.Release|iPhone.ActiveCfg = Release|x86
		{EB8EA9A7-0864-4DD2-A361-A4EB9AEEC228}.Release|iPhone.Build.0 = Release|x86
		{EB8EA9A7-0864-4DD2-A361-A4EB9AEEC228}.Release|iPhoneSimulator.ActiveCfg = Release|x86
		{EB8EA9A7-0864-4DD2-A361-A4EB9AEEC228}.Release|iPhoneSimulator.Build.0 = Release|x86
		{EB8EA9A7-0864-4DD2-A361-A4EB9AEEC228}.Release|iPhoneSimulator.Deploy.0 = Release|x86
		{EB8EA9A7-0864-4DD2-A361-A4EB9AEEC228}.Release|x64.ActiveCfg = Release|x64
		{EB8EA9A7-0864-4DD2-A361-A4EB9AEEC228}.Release|x64.Build.0 = Release|x64
		{EB8EA9A7-0864-4DD2-A361-A4EB9AEEC228}.Release|x64.Deploy.0 = Release|x64
		{EB8EA9A7-0864-4DD2-A361-A4EB9AEEC228}.Release|x86.ActiveCfg = Release|x86
		{EB8EA9A7-0864-4DD2-A361-A4EB9AEEC228}.Release|x86.Build.0 = Release|x86
		{EB8EA9A7-0864-4DD2-A361-A4EB9AEEC228}.Release|x86.Deploy.0 = Release|x86

		{662CD786-76BD-4193-874B-837C19AD821B}.Debug|Any CPU.ActiveCfg = Debug|Any CPU
		{662CD786-76BD-4193-874B-837C19AD821B}.Debug|Any CPU.Build.0 = Debug|Any CPU
		{662CD786-76BD-4193-874B-837C19AD821B}.Debug|Any CPU.Deploy.0 = Debug|Any CPU
		{662CD786-76BD-4193-874B-837C19AD821B}.Debug|ARM.ActiveCfg = Debug|Any CPU
		{662CD786-76BD-4193-874B-837C19AD821B}.Debug|ARM.Build.0 = Debug|Any CPU
		{662CD786-76BD-4193-874B-837C19AD821B}.Debug|ARM.Deploy.0 = Debug|Any CPU
		{662CD786-76BD-4193-874B-837C19AD821B}.Debug|ARM64.ActiveCfg = Debug|Any CPU
		{662CD786-76BD-4193-874B-837C19AD821B}.Debug|ARM64.Build.0 = Debug|Any CPU
		{662CD786-76BD-4193-874B-837C19AD821B}.Debug|ARM64.Deploy.0 = Debug|Any CPU
		{662CD786-76BD-4193-874B-837C19AD821B}.Debug|iPhone.ActiveCfg = Debug|Any CPU
		{662CD786-76BD-4193-874B-837C19AD821B}.Debug|iPhone.Build.0 = Debug|Any CPU
		{662CD786-76BD-4193-874B-837C19AD821B}.Debug|iPhone.Deploy.0 = Debug|Any CPU
		{662CD786-76BD-4193-874B-837C19AD821B}.Debug|iPhoneSimulator.ActiveCfg = Debug|Any CPU
		{662CD786-76BD-4193-874B-837C19AD821B}.Debug|iPhoneSimulator.Build.0 = Debug|Any CPU
		{662CD786-76BD-4193-874B-837C19AD821B}.Debug|iPhoneSimulator.Deploy.0 = Debug|Any CPU
		{662CD786-76BD-4193-874B-837C19AD821B}.Debug|x64.ActiveCfg = Debug|Any CPU
		{662CD786-76BD-4193-874B-837C19AD821B}.Debug|x64.Build.0 = Debug|Any CPU
		{662CD786-76BD-4193-874B-837C19AD821B}.Debug|x64.Deploy.0 = Debug|Any CPU
		{662CD786-76BD-4193-874B-837C19AD821B}.Debug|x86.ActiveCfg = Debug|Any CPU
		{662CD786-76BD-4193-874B-837C19AD821B}.Debug|x86.Build.0 = Debug|Any CPU
		{662CD786-76BD-4193-874B-837C19AD821B}.Debug|x86.Deploy.0 = Debug|Any CPU
		{662CD786-76BD-4193-874B-837C19AD821B}.Release|Any CPU.ActiveCfg = Release|Any CPU
		{662CD786-76BD-4193-874B-837C19AD821B}.Release|Any CPU.Build.0 = Release|Any CPU
		{662CD786-76BD-4193-874B-837C19AD821B}.Release|ARM.ActiveCfg = Release|Any CPU
		{662CD786-76BD-4193-874B-837C19AD821B}.Release|ARM.Build.0 = Release|Any CPU
		{662CD786-76BD-4193-874B-837C19AD821B}.Release|ARM.Deploy.0 = Release|Any CPU
		{662CD786-76BD-4193-874B-837C19AD821B}.Release|ARM64.ActiveCfg = Release|Any CPU
		{662CD786-76BD-4193-874B-837C19AD821B}.Release|ARM64.Build.0 = Release|Any CPU
		{662CD786-76BD-4193-874B-837C19AD821B}.Release|ARM64.Deploy.0 = Release|Any CPU
		{662CD786-76BD-4193-874B-837C19AD821B}.Release|iPhone.ActiveCfg = Release|Any CPU
		{662CD786-76BD-4193-874B-837C19AD821B}.Release|iPhone.Build.0 = Release|Any CPU
		{662CD786-76BD-4193-874B-837C19AD821B}.Release|iPhoneSimulator.ActiveCfg = Release|Any CPU
		{662CD786-76BD-4193-874B-837C19AD821B}.Release|iPhoneSimulator.Build.0 = Release|Any CPU
		{662CD786-76BD-4193-874B-837C19AD821B}.Release|iPhoneSimulator.Deploy.0 = Release|Any CPU
		{662CD786-76BD-4193-874B-837C19AD821B}.Release|x64.ActiveCfg = Release|Any CPU
		{662CD786-76BD-4193-874B-837C19AD821B}.Release|x64.Build.0 = Release|Any CPU
		{662CD786-76BD-4193-874B-837C19AD821B}.Release|x64.Deploy.0 = Release|Any CPU
		{662CD786-76BD-4193-874B-837C19AD821B}.Release|x86.ActiveCfg = Release|Any CPU
		{662CD786-76BD-4193-874B-837C19AD821B}.Release|x86.Build.0 = Release|Any CPU
		{662CD786-76BD-4193-874B-837C19AD821B}.Release|x86.Deploy.0 = Release|Any CPU

		{A5B8155A-118F-4794-B551-C6F3CF7E5411}.Debug|Any CPU.ActiveCfg = Debug|Any CPU
		{A5B8155A-118F-4794-B551-C6F3CF7E5411}.Debug|Any CPU.Build.0 = Debug|Any CPU
		{A5B8155A-118F-4794-B551-C6F3CF7E5411}.Debug|ARM.ActiveCfg = Debug|Any CPU
		{A5B8155A-118F-4794-B551-C6F3CF7E5411}.Debug|ARM.Build.0 = Debug|Any CPU
		{A5B8155A-118F-4794-B551-C6F3CF7E5411}.Debug|ARM64.ActiveCfg = Debug|Any CPU
		{A5B8155A-118F-4794-B551-C6F3CF7E5411}.Debug|ARM64.Build.0 = Debug|Any CPU
		{A5B8155A-118F-4794-B551-C6F3CF7E5411}.Debug|iPhone.ActiveCfg = Debug|Any CPU
		{A5B8155A-118F-4794-B551-C6F3CF7E5411}.Debug|iPhone.Build.0 = Debug|Any CPU
		{A5B8155A-118F-4794-B551-C6F3CF7E5411}.Debug|iPhoneSimulator.ActiveCfg = Debug|Any CPU
		{A5B8155A-118F-4794-B551-C6F3CF7E5411}.Debug|iPhoneSimulator.Build.0 = Debug|Any CPU
		{A5B8155A-118F-4794-B551-C6F3CF7E5411}.Debug|x64.ActiveCfg = Debug|Any CPU
		{A5B8155A-118F-4794-B551-C6F3CF7E5411}.Debug|x64.Build.0 = Debug|Any CPU
		{A5B8155A-118F-4794-B551-C6F3CF7E5411}.Debug|x86.ActiveCfg = Debug|Any CPU
		{A5B8155A-118F-4794-B551-C6F3CF7E5411}.Debug|x86.Build.0 = Debug|Any CPU
		{A5B8155A-118F-4794-B551-C6F3CF7E5411}.Release|Any CPU.ActiveCfg = Release|Any CPU
		{A5B8155A-118F-4794-B551-C6F3CF7E5411}.Release|Any CPU.Build.0 = Release|Any CPU
		{A5B8155A-118F-4794-B551-C6F3CF7E5411}.Release|ARM.ActiveCfg = Release|Any CPU
		{A5B8155A-118F-4794-B551-C6F3CF7E5411}.Release|ARM.Build.0 = Release|Any CPU
		{A5B8155A-118F-4794-B551-C6F3CF7E5411}.Release|ARM64.ActiveCfg = Release|Any CPU
		{A5B8155A-118F-4794-B551-C6F3CF7E5411}.Release|ARM64.Build.0 = Release|Any CPU
		{A5B8155A-118F-4794-B551-C6F3CF7E5411}.Release|iPhone.ActiveCfg = Release|Any CPU
		{A5B8155A-118F-4794-B551-C6F3CF7E5411}.Release|iPhone.Build.0 = Release|Any CPU
		{A5B8155A-118F-4794-B551-C6F3CF7E5411}.Release|iPhoneSimulator.ActiveCfg = Release|Any CPU
		{A5B8155A-118F-4794-B551-C6F3CF7E5411}.Release|iPhoneSimulator.Build.0 = Release|Any CPU
		{A5B8155A-118F-4794-B551-C6F3CF7E5411}.Release|x64.ActiveCfg = Release|Any CPU
		{A5B8155A-118F-4794-B551-C6F3CF7E5411}.Release|x64.Build.0 = Release|Any CPU
		{A5B8155A-118F-4794-B551-C6F3CF7E5411}.Release|x86.ActiveCfg = Release|Any CPU
		{A5B8155A-118F-4794-B551-C6F3CF7E5411}.Release|x86.Build.0 = Release|Any CPU
		{6CF284A4-22B1-4F05-97F4-F095C07A598E}.Debug|Any CPU.ActiveCfg = Debug|Any CPU
		{6CF284A4-22B1-4F05-97F4-F095C07A598E}.Debug|Any CPU.Build.0 = Debug|Any CPU
		{6CF284A4-22B1-4F05-97F4-F095C07A598E}.Debug|ARM.ActiveCfg = Debug|Any CPU
		{6CF284A4-22B1-4F05-97F4-F095C07A598E}.Debug|ARM.Build.0 = Debug|Any CPU
		{6CF284A4-22B1-4F05-97F4-F095C07A598E}.Debug|ARM64.ActiveCfg = Debug|Any CPU
		{6CF284A4-22B1-4F05-97F4-F095C07A598E}.Debug|ARM64.Build.0 = Debug|Any CPU
		{6CF284A4-22B1-4F05-97F4-F095C07A598E}.Debug|iPhone.ActiveCfg = Debug|Any CPU
		{6CF284A4-22B1-4F05-97F4-F095C07A598E}.Debug|iPhone.Build.0 = Debug|Any CPU
		{6CF284A4-22B1-4F05-97F4-F095C07A598E}.Debug|iPhoneSimulator.ActiveCfg = Debug|Any CPU
		{6CF284A4-22B1-4F05-97F4-F095C07A598E}.Debug|iPhoneSimulator.Build.0 = Debug|Any CPU
		{6CF284A4-22B1-4F05-97F4-F095C07A598E}.Debug|x64.ActiveCfg = Debug|Any CPU
		{6CF284A4-22B1-4F05-97F4-F095C07A598E}.Debug|x64.Build.0 = Debug|Any CPU
		{6CF284A4-22B1-4F05-97F4-F095C07A598E}.Debug|x86.ActiveCfg = Debug|Any CPU
		{6CF284A4-22B1-4F05-97F4-F095C07A598E}.Debug|x86.Build.0 = Debug|Any CPU
		{6CF284A4-22B1-4F05-97F4-F095C07A598E}.Release|Any CPU.ActiveCfg = Release|Any CPU
		{6CF284A4-22B1-4F05-97F4-F095C07A598E}.Release|Any CPU.Build.0 = Release|Any CPU
		{6CF284A4-22B1-4F05-97F4-F095C07A598E}.Release|ARM.ActiveCfg = Release|Any CPU
		{6CF284A4-22B1-4F05-97F4-F095C07A598E}.Release|ARM.Build.0 = Release|Any CPU
		{6CF284A4-22B1-4F05-97F4-F095C07A598E}.Release|ARM64.ActiveCfg = Release|Any CPU
		{6CF284A4-22B1-4F05-97F4-F095C07A598E}.Release|ARM64.Build.0 = Release|Any CPU
		{6CF284A4-22B1-4F05-97F4-F095C07A598E}.Release|iPhone.ActiveCfg = Release|Any CPU
		{6CF284A4-22B1-4F05-97F4-F095C07A598E}.Release|iPhone.Build.0 = Release|Any CPU
		{6CF284A4-22B1-4F05-97F4-F095C07A598E}.Release|iPhoneSimulator.ActiveCfg = Release|Any CPU
		{6CF284A4-22B1-4F05-97F4-F095C07A598E}.Release|iPhoneSimulator.Build.0 = Release|Any CPU
		{6CF284A4-22B1-4F05-97F4-F095C07A598E}.Release|x64.ActiveCfg = Release|Any CPU
		{6CF284A4-22B1-4F05-97F4-F095C07A598E}.Release|x64.Build.0 = Release|Any CPU
		{6CF284A4-22B1-4F05-97F4-F095C07A598E}.Release|x86.ActiveCfg = Release|Any CPU
		{6CF284A4-22B1-4F05-97F4-F095C07A598E}.Release|x86.Build.0 = Release|Any CPU
		{1AA13270-F438-4864-9435-54FD806E10EA}.Debug|Any CPU.ActiveCfg = Debug|x86
		{1AA13270-F438-4864-9435-54FD806E10EA}.Debug|Any CPU.Build.0 = Debug|x86
		{1AA13270-F438-4864-9435-54FD806E10EA}.Debug|ARM.ActiveCfg = Debug|Any CPU
		{1AA13270-F438-4864-9435-54FD806E10EA}.Debug|ARM.Build.0 = Debug|Any CPU
		{1AA13270-F438-4864-9435-54FD806E10EA}.Debug|ARM64.ActiveCfg = Debug|x86
		{1AA13270-F438-4864-9435-54FD806E10EA}.Debug|ARM64.Build.0 = Debug|x86
		{1AA13270-F438-4864-9435-54FD806E10EA}.Debug|iPhone.ActiveCfg = Debug|Any CPU
		{1AA13270-F438-4864-9435-54FD806E10EA}.Debug|iPhone.Build.0 = Debug|Any CPU
		{1AA13270-F438-4864-9435-54FD806E10EA}.Debug|iPhoneSimulator.ActiveCfg = Debug|Any CPU
		{1AA13270-F438-4864-9435-54FD806E10EA}.Debug|iPhoneSimulator.Build.0 = Debug|Any CPU
		{1AA13270-F438-4864-9435-54FD806E10EA}.Debug|x64.ActiveCfg = Debug|x86
		{1AA13270-F438-4864-9435-54FD806E10EA}.Debug|x64.Build.0 = Debug|x86
		{1AA13270-F438-4864-9435-54FD806E10EA}.Debug|x86.ActiveCfg = Debug|x86
		{1AA13270-F438-4864-9435-54FD806E10EA}.Debug|x86.Build.0 = Debug|x86
		{1AA13270-F438-4864-9435-54FD806E10EA}.Release|Any CPU.ActiveCfg = Release|Any CPU
		{1AA13270-F438-4864-9435-54FD806E10EA}.Release|Any CPU.Build.0 = Release|Any CPU
		{1AA13270-F438-4864-9435-54FD806E10EA}.Release|ARM.ActiveCfg = Release|Any CPU
		{1AA13270-F438-4864-9435-54FD806E10EA}.Release|ARM.Build.0 = Release|Any CPU
		{1AA13270-F438-4864-9435-54FD806E10EA}.Release|ARM64.ActiveCfg = Release|x86
		{1AA13270-F438-4864-9435-54FD806E10EA}.Release|ARM64.Build.0 = Release|x86
		{1AA13270-F438-4864-9435-54FD806E10EA}.Release|iPhone.ActiveCfg = Release|Any CPU
		{1AA13270-F438-4864-9435-54FD806E10EA}.Release|iPhone.Build.0 = Release|Any CPU
		{1AA13270-F438-4864-9435-54FD806E10EA}.Release|iPhoneSimulator.ActiveCfg = Release|Any CPU
		{1AA13270-F438-4864-9435-54FD806E10EA}.Release|iPhoneSimulator.Build.0 = Release|Any CPU
		{1AA13270-F438-4864-9435-54FD806E10EA}.Release|x64.ActiveCfg = Release|x86
		{1AA13270-F438-4864-9435-54FD806E10EA}.Release|x64.Build.0 = Release|x86
		{1AA13270-F438-4864-9435-54FD806E10EA}.Release|x86.ActiveCfg = Release|x86
		{1AA13270-F438-4864-9435-54FD806E10EA}.Release|x86.Build.0 = Release|x86

		{40EA03F7-8A22-4143-B251-79BAC3EB13D2}.Debug|Any CPU.ActiveCfg = Debug|Any CPU
		{40EA03F7-8A22-4143-B251-79BAC3EB13D2}.Debug|Any CPU.Build.0 = Debug|Any CPU
		{40EA03F7-8A22-4143-B251-79BAC3EB13D2}.Debug|ARM.ActiveCfg = Debug|Any CPU
		{40EA03F7-8A22-4143-B251-79BAC3EB13D2}.Debug|ARM.Build.0 = Debug|Any CPU
		{40EA03F7-8A22-4143-B251-79BAC3EB13D2}.Debug|ARM64.ActiveCfg = Debug|Any CPU
		{40EA03F7-8A22-4143-B251-79BAC3EB13D2}.Debug|ARM64.Build.0 = Debug|Any CPU
		{40EA03F7-8A22-4143-B251-79BAC3EB13D2}.Debug|iPhone.ActiveCfg = Debug|Any CPU
		{40EA03F7-8A22-4143-B251-79BAC3EB13D2}.Debug|iPhone.Build.0 = Debug|Any CPU
		{40EA03F7-8A22-4143-B251-79BAC3EB13D2}.Debug|iPhoneSimulator.ActiveCfg = Debug|Any CPU
		{40EA03F7-8A22-4143-B251-79BAC3EB13D2}.Debug|iPhoneSimulator.Build.0 = Debug|Any CPU
		{40EA03F7-8A22-4143-B251-79BAC3EB13D2}.Debug|x64.ActiveCfg = Debug|Any CPU
		{40EA03F7-8A22-4143-B251-79BAC3EB13D2}.Debug|x64.Build.0 = Debug|Any CPU
		{40EA03F7-8A22-4143-B251-79BAC3EB13D2}.Debug|x86.ActiveCfg = Debug|Any CPU
		{40EA03F7-8A22-4143-B251-79BAC3EB13D2}.Debug|x86.Build.0 = Debug|Any CPU
		{40EA03F7-8A22-4143-B251-79BAC3EB13D2}.Release|Any CPU.ActiveCfg = Release|Any CPU
		{40EA03F7-8A22-4143-B251-79BAC3EB13D2}.Release|Any CPU.Build.0 = Release|Any CPU
		{40EA03F7-8A22-4143-B251-79BAC3EB13D2}.Release|ARM.ActiveCfg = Release|Any CPU
		{40EA03F7-8A22-4143-B251-79BAC3EB13D2}.Release|ARM.Build.0 = Release|Any CPU
		{40EA03F7-8A22-4143-B251-79BAC3EB13D2}.Release|ARM64.ActiveCfg = Release|Any CPU
		{40EA03F7-8A22-4143-B251-79BAC3EB13D2}.Release|ARM64.Build.0 = Release|Any CPU
		{40EA03F7-8A22-4143-B251-79BAC3EB13D2}.Release|iPhone.ActiveCfg = Release|Any CPU
		{40EA03F7-8A22-4143-B251-79BAC3EB13D2}.Release|iPhone.Build.0 = Release|Any CPU
		{40EA03F7-8A22-4143-B251-79BAC3EB13D2}.Release|iPhoneSimulator.ActiveCfg = Release|Any CPU
		{40EA03F7-8A22-4143-B251-79BAC3EB13D2}.Release|iPhoneSimulator.Build.0 = Release|Any CPU
		{40EA03F7-8A22-4143-B251-79BAC3EB13D2}.Release|x64.ActiveCfg = Release|Any CPU
		{40EA03F7-8A22-4143-B251-79BAC3EB13D2}.Release|x64.Build.0 = Release|Any CPU
		{40EA03F7-8A22-4143-B251-79BAC3EB13D2}.Release|x86.ActiveCfg = Release|Any CPU
		{40EA03F7-8A22-4143-B251-79BAC3EB13D2}.Release|x86.Build.0 = Release|Any CPU

		{DB648C28-7371-42A1-9D8A-213F4EF29C1E}.Debug|Any CPU.ActiveCfg = Debug|iPhoneSimulator
		{DB648C28-7371-42A1-9D8A-213F4EF29C1E}.Debug|Any CPU.Build.0 = Debug|iPhoneSimulator
		{DB648C28-7371-42A1-9D8A-213F4EF29C1E}.Debug|ARM.ActiveCfg = Debug|iPhoneSimulator
		{DB648C28-7371-42A1-9D8A-213F4EF29C1E}.Debug|ARM64.ActiveCfg = Debug|iPhoneSimulator
		{DB648C28-7371-42A1-9D8A-213F4EF29C1E}.Debug|iPhone.ActiveCfg = Debug|iPhoneSimulator
		{DB648C28-7371-42A1-9D8A-213F4EF29C1E}.Debug|iPhone.Build.0 = Debug|iPhoneSimulator
		{DB648C28-7371-42A1-9D8A-213F4EF29C1E}.Debug|iPhoneSimulator.ActiveCfg = Debug|iPhoneSimulator
		{DB648C28-7371-42A1-9D8A-213F4EF29C1E}.Debug|iPhoneSimulator.Build.0 = Debug|iPhoneSimulator
		{DB648C28-7371-42A1-9D8A-213F4EF29C1E}.Debug|x64.ActiveCfg = Debug|iPhoneSimulator
		{DB648C28-7371-42A1-9D8A-213F4EF29C1E}.Debug|x64.Build.0 = Debug|iPhoneSimulator
		{DB648C28-7371-42A1-9D8A-213F4EF29C1E}.Debug|x86.ActiveCfg = Debug|iPhoneSimulator
		{DB648C28-7371-42A1-9D8A-213F4EF29C1E}.Debug|x86.Build.0 = Debug|iPhoneSimulator
		{DB648C28-7371-42A1-9D8A-213F4EF29C1E}.Release|Any CPU.ActiveCfg = Release|iPhoneSimulator
		{DB648C28-7371-42A1-9D8A-213F4EF29C1E}.Release|ARM.ActiveCfg = Release|iPhoneSimulator
		{DB648C28-7371-42A1-9D8A-213F4EF29C1E}.Release|ARM64.ActiveCfg = Release|iPhoneSimulator
		{DB648C28-7371-42A1-9D8A-213F4EF29C1E}.Release|iPhone.ActiveCfg = Release|iPhoneSimulator
		{DB648C28-7371-42A1-9D8A-213F4EF29C1E}.Release|iPhone.Build.0 = Release|iPhoneSimulator
		{DB648C28-7371-42A1-9D8A-213F4EF29C1E}.Release|iPhoneSimulator.ActiveCfg = Release|iPhoneSimulator
		{DB648C28-7371-42A1-9D8A-213F4EF29C1E}.Release|iPhoneSimulator.Build.0 = Release|iPhoneSimulator
		{DB648C28-7371-42A1-9D8A-213F4EF29C1E}.Release|x64.ActiveCfg = Release|iPhoneSimulator
		{DB648C28-7371-42A1-9D8A-213F4EF29C1E}.Release|x64.Build.0 = Release|iPhoneSimulator
		{DB648C28-7371-42A1-9D8A-213F4EF29C1E}.Release|x86.ActiveCfg = Release|iPhoneSimulator
		{DB648C28-7371-42A1-9D8A-213F4EF29C1E}.Release|x86.Build.0 = Release|iPhoneSimulator

		{04D3A50A-BD96-4168-A331-3AC5E63800DE}.Debug|Any CPU.ActiveCfg = Debug|arm64
		{04D3A50A-BD96-4168-A331-3AC5E63800DE}.Debug|Any CPU.Build.0 = Debug|arm64
		{04D3A50A-BD96-4168-A331-3AC5E63800DE}.Debug|ARM.ActiveCfg = Debug|Any CPU
		{04D3A50A-BD96-4168-A331-3AC5E63800DE}.Debug|ARM.Build.0 = Debug|Any CPU
		{04D3A50A-BD96-4168-A331-3AC5E63800DE}.Debug|ARM64.ActiveCfg = Debug|arm64
		{04D3A50A-BD96-4168-A331-3AC5E63800DE}.Debug|ARM64.Build.0 = Debug|arm64
		{04D3A50A-BD96-4168-A331-3AC5E63800DE}.Debug|iPhone.ActiveCfg = Debug|Any CPU
		{04D3A50A-BD96-4168-A331-3AC5E63800DE}.Debug|iPhone.Build.0 = Debug|Any CPU
		{04D3A50A-BD96-4168-A331-3AC5E63800DE}.Debug|iPhoneSimulator.ActiveCfg = Debug|Any CPU
		{04D3A50A-BD96-4168-A331-3AC5E63800DE}.Debug|iPhoneSimulator.Build.0 = Debug|Any CPU
		{04D3A50A-BD96-4168-A331-3AC5E63800DE}.Debug|x64.ActiveCfg = Debug|x64
		{04D3A50A-BD96-4168-A331-3AC5E63800DE}.Debug|x64.Build.0 = Debug|x64
		{04D3A50A-BD96-4168-A331-3AC5E63800DE}.Debug|x86.ActiveCfg = Debug|x86
		{04D3A50A-BD96-4168-A331-3AC5E63800DE}.Debug|x86.Build.0 = Debug|x86
		{04D3A50A-BD96-4168-A331-3AC5E63800DE}.Release|Any CPU.ActiveCfg = Release|Any CPU
		{04D3A50A-BD96-4168-A331-3AC5E63800DE}.Release|Any CPU.Build.0 = Release|Any CPU
		{04D3A50A-BD96-4168-A331-3AC5E63800DE}.Release|ARM.ActiveCfg = Release|Any CPU
		{04D3A50A-BD96-4168-A331-3AC5E63800DE}.Release|ARM.Build.0 = Release|Any CPU
		{04D3A50A-BD96-4168-A331-3AC5E63800DE}.Release|ARM64.ActiveCfg = Release|arm64
		{04D3A50A-BD96-4168-A331-3AC5E63800DE}.Release|ARM64.Build.0 = Release|arm64
		{04D3A50A-BD96-4168-A331-3AC5E63800DE}.Release|iPhone.ActiveCfg = Release|Any CPU
		{04D3A50A-BD96-4168-A331-3AC5E63800DE}.Release|iPhone.Build.0 = Release|Any CPU
		{04D3A50A-BD96-4168-A331-3AC5E63800DE}.Release|iPhoneSimulator.ActiveCfg = Release|Any CPU
		{04D3A50A-BD96-4168-A331-3AC5E63800DE}.Release|iPhoneSimulator.Build.0 = Release|Any CPU
		{04D3A50A-BD96-4168-A331-3AC5E63800DE}.Release|x64.ActiveCfg = Release|x64
		{04D3A50A-BD96-4168-A331-3AC5E63800DE}.Release|x64.Build.0 = Release|x64
		{04D3A50A-BD96-4168-A331-3AC5E63800DE}.Release|x86.ActiveCfg = Release|x86
		{04D3A50A-BD96-4168-A331-3AC5E63800DE}.Release|x86.Build.0 = Release|x86

	EndGlobalSection
	GlobalSection(SolutionProperties) = preSolution
		HideSolutionNode = FALSE
	EndGlobalSection
	GlobalSection(ExtensibilityGlobals) = postSolution
		SolutionGuid = {C7433AE2-B1A0-4C1A-887E-5CAA7AAF67A6}
	EndGlobalSection
EndGlobal
